// !$*UTF8*$!
{
	archiveVersion = 1;
	classes = {
	};
	objectVersion = 77;
	objects = {

/* Begin PBXBuildFile section */
		F63487A42E2A526C00A8A4F8 /* RxBlocking in Frameworks */ = {isa = PBXBuildFile; productRef = F63487A32E2A526C00A8A4F8 /* RxBlocking */; };
		F63487A82E2A526C00A8A4F8 /* RxCocoa in Frameworks */ = {isa = PBXBuildFile; productRef = F63487A72E2A526C00A8A4F8 /* RxCocoa */; };
		F63487AA2E2A526C00A8A4F8 /* RxRelay in Frameworks */ = {isa = PBXBuildFile; productRef = F63487A92E2A526C00A8A4F8 /* RxRelay */; };
		F63487AC2E2A526C00A8A4F8 /* RxSwift in Frameworks */ = {isa = PBXBuildFile; productRef = F63487AB2E2A526C00A8A4F8 /* RxSwift */; };
		F63487F32E2A542F00A8A4F8 /* RxTest in Frameworks */ = {isa = PBXBuildFile; productRef = F63487F22E2A542F00A8A4F8 /* RxTest */; };
		F63487F52E2A542F00A8A4F8 /* RxTest-Dynamic in Frameworks */ = {isa = PBXBuildFile; productRef = F63487F42E2A542F00A8A4F8 /* RxTest-Dynamic */; };
		F6F993F42E27C0DA0027CEC0 /* FirebaseAuth in Frameworks */ = {isa = PBXBuildFile; productRef = F6F993F32E27C0DA0027CEC0 /* FirebaseAuth */; };
		F6F993F62E27C0DA0027CEC0 /* FirebaseAuthCombine-Community in Frameworks */ = {isa = PBXBuildFile; productRef = F6F993F52E27C0DA0027CEC0 /* FirebaseAuthCombine-Community */; };
		F6F993F82E27C0DA0027CEC0 /* FirebaseCore in Frameworks */ = {isa = PBXBuildFile; productRef = F6F993F72E27C0DA0027CEC0 /* FirebaseCore */; };
		F6F993FA2E27C0DA0027CEC0 /* FirebaseFirestore in Frameworks */ = {isa = PBXBuildFile; productRef = F6F993F92E27C0DA0027CEC0 /* FirebaseFirestore */; };
		F6F993FC2E27C0DA0027CEC0 /* FirebaseFirestoreCombine-Community in Frameworks */ = {isa = PBXBuildFile; productRef = F6F993FB2E27C0DA0027CEC0 /* FirebaseFirestoreCombine-Community */; };
/* End PBXBuildFile section */

/* Begin PBXContainerItemProxy section */
		F6478A7F2E256F930018FAA7 /* PBXContainerItemProxy */ = {
			isa = PBXContainerItemProxy;
			containerPortal = F6478A672E256F920018FAA7 /* Project object */;
			proxyType = 1;
			remoteGlobalIDString = F6478A6E2E256F920018FAA7;
			remoteInfo = FiHikingNetwork;
		};
		F6478A892E256F940018FAA7 /* PBXContainerItemProxy */ = {
			isa = PBXContainerItemProxy;
			containerPortal = F6478A672E256F920018FAA7 /* Project object */;
			proxyType = 1;
			remoteGlobalIDString = F6478A6E2E256F920018FAA7;
			remoteInfo = FiHikingNetwork;
		};
/* End PBXContainerItemProxy section */

/* Begin PBXFileReference section */
		F6478A6F2E256F920018FAA7 /* FiHikingNetwork.app */ = {isa = PBXFileReference; explicitFileType = wrapper.application; includeInIndex = 0; path = FiHikingNetwork.app; sourceTree = BUILT_PRODUCTS_DIR; };
		F6478A7E2E256F930018FAA7 /* FiHikingNetworkTests.xctest */ = {isa = PBXFileReference; explicitFileType = wrapper.cfbundle; includeInIndex = 0; path = FiHikingNetworkTests.xctest; sourceTree = BUILT_PRODUCTS_DIR; };
		F6478A882E256F940018FAA7 /* FiHikingNetworkUITests.xctest */ = {isa = PBXFileReference; explicitFileType = wrapper.cfbundle; includeInIndex = 0; path = FiHikingNetworkUITests.xctest; sourceTree = BUILT_PRODUCTS_DIR; };
/* End PBXFileReference section */

/* Begin PBXFileSystemSynchronizedBuildFileExceptionSet section */
		F6F0C78E2E2BA6EB00A0AC4C /* Exceptions for "FiHikingNetwork" folder in "FiHikingNetwork" target */ = {
			isa = PBXFileSystemSynchronizedBuildFileExceptionSet;
			membershipExceptions = (
				Info.plist,
			);
			target = F6478A6E2E256F920018FAA7 /* FiHikingNetwork */;
		};
/* End PBXFileSystemSynchronizedBuildFileExceptionSet section */

/* Begin PBXFileSystemSynchronizedRootGroup section */
		F6478A712E256F920018FAA7 /* FiHikingNetwork */ = {
			isa = PBXFileSystemSynchronizedRootGroup;
			exceptions = (
				F6F0C78E2E2BA6EB00A0AC4C /* Exceptions for "FiHikingNetwork" folder in "FiHikingNetwork" target */,
			);
			path = FiHikingNetwork;
			sourceTree = "<group>";
		};
		F6478A812E256F930018FAA7 /* FiHikingNetworkTests */ = {
			isa = PBXFileSystemSynchronizedRootGroup;
			path = FiHikingNetworkTests;
			sourceTree = "<group>";
		};
		F6478A8B2E256F940018FAA7 /* FiHikingNetworkUITests */ = {
			isa = PBXFileSystemSynchronizedRootGroup;
			path = FiHikingNetworkUITests;
			sourceTree = "<group>";
		};
/* End PBXFileSystemSynchronizedRootGroup section */

/* Begin PBXFrameworksBuildPhase section */
		F6478A6C2E256F920018FAA7 /* Frameworks */ = {
			isa = PBXFrameworksBuildPhase;
			buildActionMask = 2147483647;
			files = (
				F63487AA2E2A526C00A8A4F8 /* RxRelay in Frameworks */,
				F6F993F42E27C0DA0027CEC0 /* FirebaseAuth in Frameworks */,
				F63487AC2E2A526C00A8A4F8 /* RxSwift in Frameworks */,
				F63487A42E2A526C00A8A4F8 /* RxBlocking in Frameworks */,
				F6F993FA2E27C0DA0027CEC0 /* FirebaseFirestore in Frameworks */,
				F6F993F82E27C0DA0027CEC0 /* FirebaseCore in Frameworks */,
				F6F993FC2E27C0DA0027CEC0 /* FirebaseFirestoreCombine-Community in Frameworks */,
				F63487A82E2A526C00A8A4F8 /* RxCocoa in Frameworks */,
				F6F993F62E27C0DA0027CEC0 /* FirebaseAuthCombine-Community in Frameworks */,
			);
			runOnlyForDeploymentPostprocessing = 0;
		};
		F6478A7B2E256F930018FAA7 /* Frameworks */ = {
			isa = PBXFrameworksBuildPhase;
			buildActionMask = 2147483647;
			files = (
				F63487F52E2A542F00A8A4F8 /* RxTest-Dynamic in Frameworks */,
				F63487F32E2A542F00A8A4F8 /* RxTest in Frameworks */,
			);
			runOnlyForDeploymentPostprocessing = 0;
		};
		F6478A852E256F940018FAA7 /* Frameworks */ = {
			isa = PBXFrameworksBuildPhase;
			buildActionMask = 2147483647;
			files = (
			);
			runOnlyForDeploymentPostprocessing = 0;
		};
/* End PBXFrameworksBuildPhase section */

/* Begin PBXGroup section */
		F6478A662E256F920018FAA7 = {
			isa = PBXGroup;
			children = (
				F6478A712E256F920018FAA7 /* FiHikingNetwork */,
				F6478A812E256F930018FAA7 /* FiHikingNetworkTests */,
				F6478A8B2E256F940018FAA7 /* FiHikingNetworkUITests */,
				F6478A702E256F920018FAA7 /* Products */,
			);
			sourceTree = "<group>";
		};
		F6478A702E256F920018FAA7 /* Products */ = {
			isa = PBXGroup;
			children = (
				F6478A6F2E256F920018FAA7 /* FiHikingNetwork.app */,
				F6478A7E2E256F930018FAA7 /* FiHikingNetworkTests.xctest */,
				F6478A882E256F940018FAA7 /* FiHikingNetworkUITests.xctest */,
			);
			name = Products;
			sourceTree = "<group>";
		};
/* End PBXGroup section */

/* Begin PBXNativeTarget section */
		F6478A6E2E256F920018FAA7 /* FiHikingNetwork */ = {
			isa = PBXNativeTarget;
			buildConfigurationList = F6478A922E256F940018FAA7 /* Build configuration list for PBXNativeTarget "FiHikingNetwork" */;
			buildPhases = (
				F6478A6B2E256F920018FAA7 /* Sources */,
				F6478A6C2E256F920018FAA7 /* Frameworks */,
				F6478A6D2E256F920018FAA7 /* Resources */,
			);
			buildRules = (
			);
			dependencies = (
			);
			fileSystemSynchronizedGroups = (
				F6478A712E256F920018FAA7 /* FiHikingNetwork */,
			);
			name = FiHikingNetwork;
			packageProductDependencies = (
				F6F993F32E27C0DA0027CEC0 /* FirebaseAuth */,
				F6F993F52E27C0DA0027CEC0 /* FirebaseAuthCombine-Community */,
				F6F993F72E27C0DA0027CEC0 /* FirebaseCore */,
				F6F993F92E27C0DA0027CEC0 /* FirebaseFirestore */,
				F6F993FB2E27C0DA0027CEC0 /* FirebaseFirestoreCombine-Community */,
				F63487A32E2A526C00A8A4F8 /* RxBlocking */,
				F63487A72E2A526C00A8A4F8 /* RxCocoa */,
				F63487A92E2A526C00A8A4F8 /* RxRelay */,
				F63487AB2E2A526C00A8A4F8 /* RxSwift */,
			);
			productName = FiHikingNetwork;
			productReference = F6478A6F2E256F920018FAA7 /* FiHikingNetwork.app */;
			productType = "com.apple.product-type.application";
		};
		F6478A7D2E256F930018FAA7 /* FiHikingNetworkTests */ = {
			isa = PBXNativeTarget;
			buildConfigurationList = F6478A952E256F940018FAA7 /* Build configuration list for PBXNativeTarget "FiHikingNetworkTests" */;
			buildPhases = (
				F6478A7A2E256F930018FAA7 /* Sources */,
				F6478A7B2E256F930018FAA7 /* Frameworks */,
				F6478A7C2E256F930018FAA7 /* Resources */,
			);
			buildRules = (
			);
			dependencies = (
				F6478A802E256F930018FAA7 /* PBXTargetDependency */,
			);
			fileSystemSynchronizedGroups = (
				F6478A812E256F930018FAA7 /* FiHikingNetworkTests */,
			);
			name = FiHikingNetworkTests;
			packageProductDependencies = (
				F63487F22E2A542F00A8A4F8 /* RxTest */,
				F63487F42E2A542F00A8A4F8 /* RxTest-Dynamic */,
			);
			productName = FiHikingNetworkTests;
			productReference = F6478A7E2E256F930018FAA7 /* FiHikingNetworkTests.xctest */;
			productType = "com.apple.product-type.bundle.unit-test";
		};
		F6478A872E256F940018FAA7 /* FiHikingNetworkUITests */ = {
			isa = PBXNativeTarget;
			buildConfigurationList = F6478A982E256F940018FAA7 /* Build configuration list for PBXNativeTarget "FiHikingNetworkUITests" */;
			buildPhases = (
				F6478A842E256F940018FAA7 /* Sources */,
				F6478A852E256F940018FAA7 /* Frameworks */,
				F6478A862E256F940018FAA7 /* Resources */,
			);
			buildRules = (
			);
			dependencies = (
				F6478A8A2E256F940018FAA7 /* PBXTargetDependency */,
			);
			fileSystemSynchronizedGroups = (
				F6478A8B2E256F940018FAA7 /* FiHikingNetworkUITests */,
			);
			name = FiHikingNetworkUITests;
			packageProductDependencies = (
			);
			productName = FiHikingNetworkUITests;
			productReference = F6478A882E256F940018FAA7 /* FiHikingNetworkUITests.xctest */;
			productType = "com.apple.product-type.bundle.ui-testing";
		};
/* End PBXNativeTarget section */

/* Begin PBXProject section */
		F6478A672E256F920018FAA7 /* Project object */ = {
			isa = PBXProject;
			attributes = {
				BuildIndependentTargetsInParallel = 1;
				LastSwiftUpdateCheck = 1640;
				LastUpgradeCheck = 1640;
				TargetAttributes = {
					F6478A6E2E256F920018FAA7 = {
						CreatedOnToolsVersion = 16.4;
					};
					F6478A7D2E256F930018FAA7 = {
						CreatedOnToolsVersion = 16.4;
						TestTargetID = F6478A6E2E256F920018FAA7;
					};
					F6478A872E256F940018FAA7 = {
						CreatedOnToolsVersion = 16.4;
						TestTargetID = F6478A6E2E256F920018FAA7;
					};
				};
			};
			buildConfigurationList = F6478A6A2E256F920018FAA7 /* Build configuration list for PBXProject "FiHikingNetwork" */;
			developmentRegion = en;
			hasScannedForEncodings = 0;
			knownRegions = (
				en,
				Base,
			);
			mainGroup = F6478A662E256F920018FAA7;
			minimizedProjectReferenceProxies = 1;
			packageReferences = (
				F6F993F22E27C0DA0027CEC0 /* XCRemoteSwiftPackageReference "firebase-ios-sdk" */,
				F63487A22E2A526C00A8A4F8 /* XCRemoteSwiftPackageReference "RxSwift" */,
			);
			preferredProjectObjectVersion = 77;
			productRefGroup = F6478A702E256F920018FAA7 /* Products */;
			projectDirPath = "";
			projectRoot = "";
			targets = (
				F6478A6E2E256F920018FAA7 /* FiHikingNetwork */,
				F6478A7D2E256F930018FAA7 /* FiHikingNetworkTests */,
				F6478A872E256F940018FAA7 /* FiHikingNetworkUITests */,
			);
		};
/* End PBXProject section */

/* Begin PBXResourcesBuildPhase section */
		F6478A6D2E256F920018FAA7 /* Resources */ = {
			isa = PBXResourcesBuildPhase;
			buildActionMask = 2147483647;
			files = (
			);
			runOnlyForDeploymentPostprocessing = 0;
		};
		F6478A7C2E256F930018FAA7 /* Resources */ = {
			isa = PBXResourcesBuildPhase;
			buildActionMask = 2147483647;
			files = (
			);
			runOnlyForDeploymentPostprocessing = 0;
		};
		F6478A862E256F940018FAA7 /* Resources */ = {
			isa = PBXResourcesBuildPhase;
			buildActionMask = 2147483647;
			files = (
			);
			runOnlyForDeploymentPostprocessing = 0;
		};
/* End PBXResourcesBuildPhase section */

/* Begin PBXSourcesBuildPhase section */
		F6478A6B2E256F920018FAA7 /* Sources */ = {
			isa = PBXSourcesBuildPhase;
			buildActionMask = 2147483647;
			files = (
			);
			runOnlyForDeploymentPostprocessing = 0;
		};
		F6478A7A2E256F930018FAA7 /* Sources */ = {
			isa = PBXSourcesBuildPhase;
			buildActionMask = 2147483647;
			files = (
			);
			runOnlyForDeploymentPostprocessing = 0;
		};
		F6478A842E256F940018FAA7 /* Sources */ = {
			isa = PBXSourcesBuildPhase;
			buildActionMask = 2147483647;
			files = (
			);
			runOnlyForDeploymentPostprocessing = 0;
		};
/* End PBXSourcesBuildPhase section */

/* Begin PBXTargetDependency section */
		F6478A802E256F930018FAA7 /* PBXTargetDependency */ = {
			isa = PBXTargetDependency;
			target = F6478A6E2E256F920018FAA7 /* FiHikingNetwork */;
			targetProxy = F6478A7F2E256F930018FAA7 /* PBXContainerItemProxy */;
		};
		F6478A8A2E256F940018FAA7 /* PBXTargetDependency */ = {
			isa = PBXTargetDependency;
			target = F6478A6E2E256F920018FAA7 /* FiHikingNetwork */;
			targetProxy = F6478A892E256F940018FAA7 /* PBXContainerItemProxy */;
		};
/* End PBXTargetDependency section */

/* Begin XCBuildConfiguration section */
		F6478A902E256F940018FAA7 /* Debug */ = {
			isa = XCBuildConfiguration;
			buildSettings = {
				ALWAYS_SEARCH_USER_PATHS = NO;
				ASSETCATALOG_COMPILER_GENERATE_SWIFT_ASSET_SYMBOL_EXTENSIONS = YES;
				CLANG_ANALYZER_NONNULL = YES;
				CLANG_ANALYZER_NUMBER_OBJECT_CONVERSION = YES_AGGRESSIVE;
				CLANG_CXX_LANGUAGE_STANDARD = "gnu++20";
				CLANG_ENABLE_MODULES = YES;
				CLANG_ENABLE_OBJC_ARC = YES;
				CLANG_ENABLE_OBJC_WEAK = YES;
				CLANG_WARN_BLOCK_CAPTURE_AUTORELEASING = YES;
				CLANG_WARN_BOOL_CONVERSION = YES;
				CLANG_WARN_COMMA = YES;
				CLANG_WARN_CONSTANT_CONVERSION = YES;
				CLANG_WARN_DEPRECATED_OBJC_IMPLEMENTATIONS = YES;
				CLANG_WARN_DIRECT_OBJC_ISA_USAGE = YES_ERROR;
				CLANG_WARN_DOCUMENTATION_COMMENTS = YES;
				CLANG_WARN_EMPTY_BODY = YES;
				CLANG_WARN_ENUM_CONVERSION = YES;
				CLANG_WARN_INFINITE_RECURSION = YES;
				CLANG_WARN_INT_CONVERSION = YES;
				CLANG_WARN_NON_LITERAL_NULL_CONVERSION = YES;
				CLANG_WARN_OBJC_IMPLICIT_RETAIN_SELF = YES;
				CLANG_WARN_OBJC_LITERAL_CONVERSION = YES;
				CLANG_WARN_OBJC_ROOT_CLASS = YES_ERROR;
				CLANG_WARN_QUOTED_INCLUDE_IN_FRAMEWORK_HEADER = YES;
				CLANG_WARN_RANGE_LOOP_ANALYSIS = YES;
				CLANG_WARN_STRICT_PROTOTYPES = YES;
				CLANG_WARN_SUSPICIOUS_MOVE = YES;
				CLANG_WARN_UNGUARDED_AVAILABILITY = YES_AGGRESSIVE;
				CLANG_WARN_UNREACHABLE_CODE = YES;
				CLANG_WARN__DUPLICATE_METHOD_MATCH = YES;
				COPY_PHASE_STRIP = NO;
				DEBUG_INFORMATION_FORMAT = dwarf;
				DEVELOPMENT_TEAM = PRU37TGHVS;
				ENABLE_STRICT_OBJC_MSGSEND = YES;
				ENABLE_TESTABILITY = YES;
				ENABLE_USER_SCRIPT_SANDBOXING = YES;
				GCC_C_LANGUAGE_STANDARD = gnu17;
				GCC_DYNAMIC_NO_PIC = NO;
				GCC_NO_COMMON_BLOCKS = YES;
				GCC_OPTIMIZATION_LEVEL = 0;
				GCC_PREPROCESSOR_DEFINITIONS = (
					"DEBUG=1",
					"$(inherited)",
				);
				GCC_WARN_64_TO_32_BIT_CONVERSION = YES;
				GCC_WARN_ABOUT_RETURN_TYPE = YES_ERROR;
				GCC_WARN_UNDECLARED_SELECTOR = YES;
				GCC_WARN_UNINITIALIZED_AUTOS = YES_AGGRESSIVE;
				GCC_WARN_UNUSED_FUNCTION = YES;
				GCC_WARN_UNUSED_VARIABLE = YES;
				GENERATE_INFOPLIST_FILE = YES;
				IPHONEOS_DEPLOYMENT_TARGET = 18.5;
				LOCALIZATION_PREFERS_STRING_CATALOGS = YES;
				MTL_ENABLE_DEBUG_INFO = INCLUDE_SOURCE;
				MTL_FAST_MATH = YES;
				ONLY_ACTIVE_ARCH = YES;
				SDKROOT = iphoneos;
				SWIFT_ACTIVE_COMPILATION_CONDITIONS = "DEBUG $(inherited)";
				SWIFT_OPTIMIZATION_LEVEL = "-Onone";
			};
			name = Debug;
		};
		F6478A912E256F940018FAA7 /* Release */ = {
			isa = XCBuildConfiguration;
			buildSettings = {
				ALWAYS_SEARCH_USER_PATHS = NO;
				ASSETCATALOG_COMPILER_GENERATE_SWIFT_ASSET_SYMBOL_EXTENSIONS = YES;
				CLANG_ANALYZER_NONNULL = YES;
				CLANG_ANALYZER_NUMBER_OBJECT_CONVERSION = YES_AGGRESSIVE;
				CLANG_CXX_LANGUAGE_STANDARD = "gnu++20";
				CLANG_ENABLE_MODULES = YES;
				CLANG_ENABLE_OBJC_ARC = YES;
				CLANG_ENABLE_OBJC_WEAK = YES;
				CLANG_WARN_BLOCK_CAPTURE_AUTORELEASING = YES;
				CLANG_WARN_BOOL_CONVERSION = YES;
				CLANG_WARN_COMMA = YES;
				CLANG_WARN_CONSTANT_CONVERSION = YES;
				CLANG_WARN_DEPRECATED_OBJC_IMPLEMENTATIONS = YES;
				CLANG_WARN_DIRECT_OBJC_ISA_USAGE = YES_ERROR;
				CLANG_WARN_DOCUMENTATION_COMMENTS = YES;
				CLANG_WARN_EMPTY_BODY = YES;
				CLANG_WARN_ENUM_CONVERSION = YES;
				CLANG_WARN_INFINITE_RECURSION = YES;
				CLANG_WARN_INT_CONVERSION = YES;
				CLANG_WARN_NON_LITERAL_NULL_CONVERSION = YES;
				CLANG_WARN_OBJC_IMPLICIT_RETAIN_SELF = YES;
				CLANG_WARN_OBJC_LITERAL_CONVERSION = YES;
				CLANG_WARN_OBJC_ROOT_CLASS = YES_ERROR;
				CLANG_WARN_QUOTED_INCLUDE_IN_FRAMEWORK_HEADER = YES;
				CLANG_WARN_RANGE_LOOP_ANALYSIS = YES;
				CLANG_WARN_STRICT_PROTOTYPES = YES;
				CLANG_WARN_SUSPICIOUS_MOVE = YES;
				CLANG_WARN_UNGUARDED_AVAILABILITY = YES_AGGRESSIVE;
				CLANG_WARN_UNREACHABLE_CODE = YES;
				CLANG_WARN__DUPLICATE_METHOD_MATCH = YES;
				COPY_PHASE_STRIP = NO;
				DEBUG_INFORMATION_FORMAT = "dwarf-with-dsym";
				DEVELOPMENT_TEAM = PRU37TGHVS;
				ENABLE_NS_ASSERTIONS = NO;
				ENABLE_STRICT_OBJC_MSGSEND = YES;
				ENABLE_USER_SCRIPT_SANDBOXING = YES;
				GCC_C_LANGUAGE_STANDARD = gnu17;
				GCC_NO_COMMON_BLOCKS = YES;
				GCC_WARN_64_TO_32_BIT_CONVERSION = YES;
				GCC_WARN_ABOUT_RETURN_TYPE = YES_ERROR;
				GCC_WARN_UNDECLARED_SELECTOR = YES;
				GCC_WARN_UNINITIALIZED_AUTOS = YES_AGGRESSIVE;
				GCC_WARN_UNUSED_FUNCTION = YES;
				GCC_WARN_UNUSED_VARIABLE = YES;
				GENERATE_INFOPLIST_FILE = YES;
				IPHONEOS_DEPLOYMENT_TARGET = 18.5;
				LOCALIZATION_PREFERS_STRING_CATALOGS = YES;
				MTL_ENABLE_DEBUG_INFO = NO;
				MTL_FAST_MATH = YES;
				SDKROOT = iphoneos;
				SWIFT_COMPILATION_MODE = wholemodule;
				VALIDATE_PRODUCT = YES;
			};
			name = Release;
		};
		F6478A932E256F940018FAA7 /* Debug */ = {
			isa = XCBuildConfiguration;
			buildSettings = {
				ASSETCATALOG_COMPILER_APPICON_NAME = AppIcon;
				ASSETCATALOG_COMPILER_GLOBAL_ACCENT_COLOR_NAME = AccentColor;
				CODE_SIGN_STYLE = Automatic;
				CURRENT_PROJECT_VERSION = 1;
				DEVELOPMENT_TEAM = PRU37TGHVS;
				ENABLE_PREVIEWS = YES;
				GENERATE_INFOPLIST_FILE = YES;
				INFOPLIST_FILE = FiHikingNetwork/Info.plist;
				INFOPLIST_KEY_NSCameraUsageDescription = "QR kod taramak için kameraya ihtiyacımız var.";
				INFOPLIST_KEY_NSLocationAlwaysAndWhenInUseUsageDescription = "Bu uygulama grup üyelerinizin konumunu görmek ve harita üzerinde takip etmek için konum bilgilerinize ihtiyaç duyar.";
				INFOPLIST_KEY_NSLocationWhenInUseUsageDescription = "Bu uygulama grup üyelerinizin konumunu görmek ve harita üzerinde takip etmek için konum bilgilerinize ihtiyaç duyar.";
				INFOPLIST_KEY_UIApplicationSceneManifest_Generation = YES;
				INFOPLIST_KEY_UIApplicationSupportsIndirectInputEvents = YES;
				INFOPLIST_KEY_UIBackgroundModes = "location background-processing";
				INFOPLIST_KEY_UILaunchScreen_Generation = YES;
				INFOPLIST_KEY_UISupportedInterfaceOrientations_iPad = "UIInterfaceOrientationPortrait UIInterfaceOrientationPortraitUpsideDown UIInterfaceOrientationLandscapeLeft UIInterfaceOrientationLandscapeRight";
				INFOPLIST_KEY_UISupportedInterfaceOrientations_iPhone = "UIInterfaceOrientationPortrait UIInterfaceOrientationLandscapeLeft UIInterfaceOrientationLandscapeRight";
				LD_RUNPATH_SEARCH_PATHS = (
					"$(inherited)",
					"@executable_path/Frameworks",
				);
				MARKETING_VERSION = 1.0;
				PRODUCT_BUNDLE_IDENTIFIER = com.fiskindal.FiHikingNetwork;
				PRODUCT_NAME = "$(TARGET_NAME)";
				SWIFT_EMIT_LOC_STRINGS = YES;
				SWIFT_VERSION = 5.0;
				TARGETED_DEVICE_FAMILY = "1,2";
			};
			name = Debug;
		};
		F6478A942E256F940018FAA7 /* Release */ = {
			isa = XCBuildConfiguration;
			buildSettings = {
				ASSETCATALOG_COMPILER_APPICON_NAME = AppIcon;
				ASSETCATALOG_COMPILER_GLOBAL_ACCENT_COLOR_NAME = AccentColor;
				CODE_SIGN_STYLE = Automatic;
				CURRENT_PROJECT_VERSION = 1;
				DEVELOPMENT_TEAM = PRU37TGHVS;
				ENABLE_PREVIEWS = YES;
				GENERATE_INFOPLIST_FILE = YES;
				INFOPLIST_FILE = FiHikingNetwork/Info.plist;
				INFOPLIST_KEY_NSCameraUsageDescription = "QR kod taramak için kameraya ihtiyacımız var.";
				INFOPLIST_KEY_NSLocationAlwaysAndWhenInUseUsageDescription = "Bu uygulama grup üyelerinizin konumunu görmek ve harita üzerinde takip etmek için konum bilgilerinize ihtiyaç duyar.";
				INFOPLIST_KEY_NSLocationWhenInUseUsageDescription = "Bu uygulama grup üyelerinizin konumunu görmek ve harita üzerinde takip etmek için konum bilgilerinize ihtiyaç duyar.";
				INFOPLIST_KEY_UIApplicationSceneManifest_Generation = YES;
				INFOPLIST_KEY_UIApplicationSupportsIndirectInputEvents = YES;
				INFOPLIST_KEY_UIBackgroundModes = "location background-processing";
				INFOPLIST_KEY_UILaunchScreen_Generation = YES;
				INFOPLIST_KEY_UISupportedInterfaceOrientations_iPad = "UIInterfaceOrientationPortrait UIInterfaceOrientationPortraitUpsideDown UIInterfaceOrientationLandscapeLeft UIInterfaceOrientationLandscapeRight";
				INFOPLIST_KEY_UISupportedInterfaceOrientations_iPhone = "UIInterfaceOrientationPortrait UIInterfaceOrientationLandscapeLeft UIInterfaceOrientationLandscapeRight";
				LD_RUNPATH_SEARCH_PATHS = (
					"$(inherited)",
					"@executable_path/Frameworks",
				);
				MARKETING_VERSION = 1.0;
				PRODUCT_BUNDLE_IDENTIFIER = com.fiskindal.FiHikingNetwork;
				PRODUCT_NAME = "$(TARGET_NAME)";
				SWIFT_EMIT_LOC_STRINGS = YES;
				SWIFT_VERSION = 5.0;
				TARGETED_DEVICE_FAMILY = "1,2";
			};
			name = Release;
		};
		F6478A962E256F940018FAA7 /* Debug */ = {
			isa = XCBuildConfiguration;
			buildSettings = {
				BUNDLE_LOADER = "$(TEST_HOST)";
				CODE_SIGN_STYLE = Automatic;
				CURRENT_PROJECT_VERSION = 1;
				DEVELOPMENT_TEAM = PRU37TGHVS;
				GENERATE_INFOPLIST_FILE = YES;
				IPHONEOS_DEPLOYMENT_TARGET = 18.5;
				MARKETING_VERSION = 1.0;
				PRODUCT_BUNDLE_IDENTIFIER = com.fiskindal.FiHikingNetworkTests;
				PRODUCT_NAME = "$(TARGET_NAME)";
				SWIFT_EMIT_LOC_STRINGS = NO;
				SWIFT_VERSION = 5.0;
				TARGETED_DEVICE_FAMILY = "1,2";
				TEST_HOST = "$(BUILT_PRODUCTS_DIR)/FiHikingNetwork.app/$(BUNDLE_EXECUTABLE_FOLDER_PATH)/FiHikingNetwork";
			};
			name = Debug;
		};
		F6478A972E256F940018FAA7 /* Release */ = {
			isa = XCBuildConfiguration;
			buildSettings = {
				BUNDLE_LOADER = "$(TEST_HOST)";
				CODE_SIGN_STYLE = Automatic;
				CURRENT_PROJECT_VERSION = 1;
				DEVELOPMENT_TEAM = PRU37TGHVS;
				GENERATE_INFOPLIST_FILE = YES;
				IPHONEOS_DEPLOYMENT_TARGET = 18.5;
				MARKETING_VERSION = 1.0;
				PRODUCT_BUNDLE_IDENTIFIER = com.fiskindal.FiHikingNetworkTests;
				PRODUCT_NAME = "$(TARGET_NAME)";
				SWIFT_EMIT_LOC_STRINGS = NO;
				SWIFT_VERSION = 5.0;
				TARGETED_DEVICE_FAMILY = "1,2";
				TEST_HOST = "$(BUILT_PRODUCTS_DIR)/FiHikingNetwork.app/$(BUNDLE_EXECUTABLE_FOLDER_PATH)/FiHikingNetwork";
			};
			name = Release;
		};
		F6478A992E256F940018FAA7 /* Debug */ = {
			isa = XCBuildConfiguration;
			buildSettings = {
				CODE_SIGN_STYLE = Automatic;
				CURRENT_PROJECT_VERSION = 1;
				DEVELOPMENT_TEAM = PRU37TGHVS;
				GENERATE_INFOPLIST_FILE = YES;
				MARKETING_VERSION = 1.0;
				PRODUCT_BUNDLE_IDENTIFIER = com.fiskindal.FiHikingNetworkUITests;
				PRODUCT_NAME = "$(TARGET_NAME)";
				SWIFT_EMIT_LOC_STRINGS = NO;
				SWIFT_VERSION = 5.0;
				TARGETED_DEVICE_FAMILY = "1,2";
				TEST_TARGET_NAME = FiHikingNetwork;
			};
			name = Debug;
		};
		F6478A9A2E256F940018FAA7 /* Release */ = {
			isa = XCBuildConfiguration;
			buildSettings = {
				CODE_SIGN_STYLE = Automatic;
				CURRENT_PROJECT_VERSION = 1;
				DEVELOPMENT_TEAM = PRU37TGHVS;
				GENERATE_INFOPLIST_FILE = YES;
				MARKETING_VERSION = 1.0;
				PRODUCT_BUNDLE_IDENTIFIER = com.fiskindal.FiHikingNetworkUITests;
				PRODUCT_NAME = "$(TARGET_NAME)";
				SWIFT_EMIT_LOC_STRINGS = NO;
				SWIFT_VERSION = 5.0;
				TARGETED_DEVICE_FAMILY = "1,2";
				TEST_TARGET_NAME = FiHikingNetwork;
			};
			name = Release;
		};
/* End XCBuildConfiguration section */

/* Begin XCConfigurationList section */
		F6478A6A2E256F920018FAA7 /* Build configuration list for PBXProject "FiHikingNetwork" */ = {
			isa = XCConfigurationList;
			buildConfigurations = (
				F6478A902E256F940018FAA7 /* Debug */,
				F6478A912E256F940018FAA7 /* Release */,
			);
			defaultConfigurationIsVisible = 0;
			defaultConfigurationName = Release;
		};
		F6478A922E256F940018FAA7 /* Build configuration list for PBXNativeTarget "FiHikingNetwork" */ = {
			isa = XCConfigurationList;
			buildConfigurations = (
				F6478A932E256F940018FAA7 /* Debug */,
				F6478A942E256F940018FAA7 /* Release */,
			);
			defaultConfigurationIsVisible = 0;
			defaultConfigurationName = Release;
		};
		F6478A952E256F940018FAA7 /* Build configuration list for PBXNativeTarget "FiHikingNetworkTests" */ = {
			isa = XCConfigurationList;
			buildConfigurations = (
				F6478A962E256F940018FAA7 /* Debug */,
				F6478A972E256F940018FAA7 /* Release */,
			);
			defaultConfigurationIsVisible = 0;
			defaultConfigurationName = Release;
		};
		F6478A982E256F940018FAA7 /* Build configuration list for PBXNativeTarget "FiHikingNetworkUITests" */ = {
			isa = XCConfigurationList;
			buildConfigurations = (
				F6478A992E256F940018FAA7 /* Debug */,
				F6478A9A2E256F940018FAA7 /* Release */,
			);
			defaultConfigurationIsVisible = 0;
			defaultConfigurationName = Release;
		};
/* End XCConfigurationList section */

/* Begin XCRemoteSwiftPackageReference section */
		F63487A22E2A526C00A8A4F8 /* XCRemoteSwiftPackageReference "RxSwift" */ = {
			isa = XCRemoteSwiftPackageReference;
			repositoryURL = "https://github.com/ReactiveX/RxSwift";
			requirement = {
				kind = upToNextMajorVersion;
				minimumVersion = 6.9.0;
			};
		};
		F6F993F22E27C0DA0027CEC0 /* XCRemoteSwiftPackageReference "firebase-ios-sdk" */ = {
			isa = XCRemoteSwiftPackageReference;
			repositoryURL = "https://github.com/firebase/firebase-ios-sdk";
			requirement = {
				kind = upToNextMajorVersion;
				minimumVersion = 12.0.0;
			};
		};
/* End XCRemoteSwiftPackageReference section */

/* Begin XCSwiftPackageProductDependency section */
		F63487A32E2A526C00A8A4F8 /* RxBlocking */ = {
			isa = XCSwiftPackageProductDependency;
			package = F63487A22E2A526C00A8A4F8 /* XCRemoteSwiftPackageReference "RxSwift" */;
			productName = RxBlocking;
		};
		F63487A72E2A526C00A8A4F8 /* RxCocoa */ = {
			isa = XCSwiftPackageProductDependency;
			package = F63487A22E2A526C00A8A4F8 /* XCRemoteSwiftPackageReference "RxSwift" */;
			productName = RxCocoa;
		};
		F63487A92E2A526C00A8A4F8 /* RxRelay */ = {
			isa = XCSwiftPackageProductDependency;
			package = F63487A22E2A526C00A8A4F8 /* XCRemoteSwiftPackageReference "RxSwift" */;
			productName = RxRelay;
		};
		F63487AB2E2A526C00A8A4F8 /* RxSwift */ = {
			isa = XCSwiftPackageProductDependency;
			package = F63487A22E2A526C00A8A4F8 /* XCRemoteSwiftPackageReference "RxSwift" */;
			productName = RxSwift;
		};
		F63487F22E2A542F00A8A4F8 /* RxTest */ = {
			isa = XCSwiftPackageProductDependency;
			package = F63487A22E2A526C00A8A4F8 /* XCRemoteSwiftPackageReference "RxSwift" */;
			productName = RxTest;
		};
		F63487F42E2A542F00A8A4F8 /* RxTest-Dynamic */ = {
			isa = XCSwiftPackageProductDependency;
			package = F63487A22E2A526C00A8A4F8 /* XCRemoteSwiftPackageReference "RxSwift" */;
			productName = "RxTest-Dynamic";
		};
		F6F993F32E27C0DA0027CEC0 /* FirebaseAuth */ = {
			isa = XCSwiftPackageProductDependency;
			package = F6F993F22E27C0DA0027CEC0 /* XCRemoteSwiftPackageReference "firebase-ios-sdk" */;
			productName = FirebaseAuth;
		};
		F6F993F52E27C0DA0027CEC0 /* FirebaseAuthCombine-Community */ = {
			isa = XCSwiftPackageProductDependency;
			package = F6F993F22E27C0DA0027CEC0 /* XCRemoteSwiftPackageReference "firebase-ios-sdk" */;
			productName = "FirebaseAuthCombine-Community";
		};
		F6F993F72E27C0DA0027CEC0 /* FirebaseCore */ = {
			isa = XCSwiftPackageProductDependency;
			package = F6F993F22E27C0DA0027CEC0 /* XCRemoteSwiftPackageReference "firebase-ios-sdk" */;
			productName = FirebaseCore;
		};
		F6F993F92E27C0DA0027CEC0 /* FirebaseFirestore */ = {
			isa = XCSwiftPackageProductDependency;
			package = F6F993F22E27C0DA0027CEC0 /* XCRemoteSwiftPackageReference "firebase-ios-sdk" */;
			productName = FirebaseFirestore;
		};
		F6F993FB2E27C0DA0027CEC0 /* FirebaseFirestoreCombine-Community */ = {
			isa = XCSwiftPackageProductDependency;
			package = F6F993F22E27C0DA0027CEC0 /* XCRemoteSwiftPackageReference "firebase-ios-sdk" */;
			productName = "FirebaseFirestoreCombine-Community";
		};
/* End XCSwiftPackageProductDependency section */
	};
	rootObject = F6478A672E256F920018FAA7 /* Project object */;
}
